
Microsoft Visual Studio Solution File, Format Version 12.00
# Visual Studio Version 17
VisualStudioVersion = 17.14.36408.4 d17.14
MinimumVisualStudioVersion = 10.0.40219.1
Project("{FAE04EC0-301F-11D3-BF4B-00C04F79EFBC}") = "MediaCatalog", "MediaCatalog\MediaCatalog.csproj", "{E9EB7B25-704C-4205-945B-6B556962F3CB}"
EndProject
Global
	GlobalSection(SolutionConfigurationPlatforms) = preSolution
		Debug|Any CPU = Debug|Any CPU
		Release|Any CPU = Release|Any CPU
	EndGlobalSection
	GlobalSection(ProjectConfigurationPlatforms) = postSolution
		{E9EB7B25-704C-4205-945B-6B556962F3CB}.Debug|Any CPU.ActiveCfg = Debug|Any CPU
		{E9EB7B25-704C-4205-945B-6B556962F3CB}.Debug|Any CPU.Build.0 = Debug|Any CPU
		{E9EB7B25-704C-4205-945B-6B556962F3CB}.Release|Any CPU.ActiveCfg = Release|Any CPU
		{E9EB7B25-704C-4205-945B-6B556962F3CB}.Release|Any CPU.Build.0 = Release|Any CPU
	EndGlobalSection
	GlobalSection(SolutionProperties) = preSolution
		HideSolutionNode = FALSE
	EndGlobalSection
	GlobalSection(ExtensibilityGlobals) = postSolution
		SolutionGuid = {B63F1784-50B3-4FAB-9E05-8A1F91EFD610}
	EndGlobalSection
EndGlobal
